// !$*UTF8*$!
{
	archiveVersion = 1;
	classes = {
	};
	objectVersion = 46;
	objects = {

/* Begin PBXBuildFile section */
		7EED38331BB23EE4006520C2 /* AppDelegate.swift in Sources */ = {isa = PBXBuildFile; fileRef = 7EED38321BB23EE4006520C2 /* AppDelegate.swift */; };
		7EED383A1BB23EE4006520C2 /* Main.storyboard in Resources */ = {isa = PBXBuildFile; fileRef = 7EED38381BB23EE4006520C2 /* Main.storyboard */; };
		7EED383C1BB23EE4006520C2 /* Assets.xcassets in Resources */ = {isa = PBXBuildFile; fileRef = 7EED383B1BB23EE4006520C2 /* Assets.xcassets */; };
		7EED383F1BB23EE4006520C2 /* LaunchScreen.storyboard in Resources */ = {isa = PBXBuildFile; fileRef = 7EED383D1BB23EE4006520C2 /* LaunchScreen.storyboard */; };
		7EED384B1BB23F5C006520C2 /* HomeViewController.swift in Sources */ = {isa = PBXBuildFile; fileRef = 7EED384A1BB23F5C006520C2 /* HomeViewController.swift */; settings = {ASSET_TAGS = (); }; };
		7EED384D1BB23F88006520C2 /* MoviesTableViewController.swift in Sources */ = {isa = PBXBuildFile; fileRef = 7EED384C1BB23F88006520C2 /* MoviesTableViewController.swift */; settings = {ASSET_TAGS = (); }; };
		7EED384F1BB23FA5006520C2 /* SharingViewController.swift in Sources */ = {isa = PBXBuildFile; fileRef = 7EED384E1BB23FA5006520C2 /* SharingViewController.swift */; settings = {ASSET_TAGS = (); }; };
		7EED38511BB23FB9006520C2 /* MessageViewController.swift in Sources */ = {isa = PBXBuildFile; fileRef = 7EED38501BB23FB9006520C2 /* MessageViewController.swift */; settings = {ASSET_TAGS = (); }; };
/* End PBXBuildFile section */

/* Begin PBXFileReference section */
		7EED382F1BB23EE4006520C2 /* iOS9-NewAPI-3DTouch-QuickActions-Example.app */ = {isa = PBXFileReference; explicitFileType = wrapper.application; includeInIndex = 0; path = "iOS9-NewAPI-3DTouch-QuickActions-Example.app"; sourceTree = BUILT_PRODUCTS_DIR; };
		7EED38321BB23EE4006520C2 /* AppDelegate.swift */ = {isa = PBXFileReference; lastKnownFileType = sourcecode.swift; path = AppDelegate.swift; sourceTree = "<group>"; };
		7EED38391BB23EE4006520C2 /* Base */ = {isa = PBXFileReference; lastKnownFileType = file.storyboard; name = Base; path = Base.lproj/Main.storyboard; sourceTree = "<group>"; };
		7EED383B1BB23EE4006520C2 /* Assets.xcassets */ = {isa = PBXFileReference; lastKnownFileType = folder.assetcatalog; path = Assets.xcassets; sourceTree = "<group>"; };
		7EED383E1BB23EE4006520C2 /* Base */ = {isa = PBXFileReference; lastKnownFileType = file.storyboard; name = Base; path = Base.lproj/LaunchScreen.storyboard; sourceTree = "<group>"; };
		7EED38401BB23EE4006520C2 /* Info.plist */ = {isa = PBXFileReference; lastKnownFileType = text.plist.xml; path = Info.plist; sourceTree = "<group>"; };
		7EED384A1BB23F5C006520C2 /* HomeViewController.swift */ = {isa = PBXFileReference; fileEncoding = 4; lastKnownFileType = sourcecode.swift; name = HomeViewController.swift; path = App/Controllers/HomeViewController.swift; sourceTree = "<group>"; };
		7EED384C1BB23F88006520C2 /* MoviesTableViewController.swift */ = {isa = PBXFileReference; fileEncoding = 4; lastKnownFileType = sourcecode.swift; name = MoviesTableViewController.swift; path = App/Controllers/MoviesTableViewController.swift; sourceTree = "<group>"; };
		7EED384E1BB23FA5006520C2 /* SharingViewController.swift */ = {isa = PBXFileReference; fileEncoding = 4; lastKnownFileType = sourcecode.swift; name = SharingViewController.swift; path = App/Controllers/SharingViewController.swift; sourceTree = "<group>"; };
		7EED38501BB23FB9006520C2 /* MessageViewController.swift */ = {isa = PBXFileReference; fileEncoding = 4; lastKnownFileType = sourcecode.swift; name = MessageViewController.swift; path = App/Controllers/MessageViewController.swift; sourceTree = "<group>"; };
/* End PBXFileReference section */

/* Begin PBXFrameworksBuildPhase section */
		7EED382C1BB23EE4006520C2 /* Frameworks */ = {
			isa = PBXFrameworksBuildPhase;
			buildActionMask = 2147483647;
			files = (
			);
			runOnlyForDeploymentPostprocessing = 0;
		};
/* End PBXFrameworksBuildPhase section */

/* Begin PBXGroup section */
		7EED38261BB23EE4006520C2 = {
			isa = PBXGroup;
			children = (
				7EED38311BB23EE4006520C2 /* iOS9-NewAPI-3DTouch-QuickActions-Example */,
				7EED38301BB23EE4006520C2 /* Products */,
			);
			sourceTree = "<group>";
		};
		7EED38301BB23EE4006520C2 /* Products */ = {
			isa = PBXGroup;
			children = (
				7EED382F1BB23EE4006520C2 /* iOS9-NewAPI-3DTouch-QuickActions-Example.app */,
			);
			name = Products;
			sourceTree = "<group>";
		};
		7EED38311BB23EE4006520C2 /* iOS9-NewAPI-3DTouch-QuickActions-Example */ = {
			isa = PBXGroup;
			children = (
				7EED38461BB23EF7006520C2 /* App */,
			);
			path = "iOS9-NewAPI-3DTouch-QuickActions-Example";
			sourceTree = "<group>";
		};
		7EED38461BB23EF7006520C2 /* App */ = {
			isa = PBXGroup;
			children = (
				7EED38471BB23F04006520C2 /* Root */,
				7EED38481BB23F0A006520C2 /* Controllers */,
				7EED38491BB23F18006520C2 /* Ressources */,
			);
			name = App;
			sourceTree = "<group>";
		};
		7EED38471BB23F04006520C2 /* Root */ = {
			isa = PBXGroup;
			children = (
				7EED38321BB23EE4006520C2 /* AppDelegate.swift */,
			);
			name = Root;
			sourceTree = "<group>";
		};
		7EED38481BB23F0A006520C2 /* Controllers */ = {
			isa = PBXGroup;
			children = (
				7EED384A1BB23F5C006520C2 /* HomeViewController.swift */,
				7EED384C1BB23F88006520C2 /* MoviesTableViewController.swift */,
				7EED384E1BB23FA5006520C2 /* SharingViewController.swift */,
				7EED38501BB23FB9006520C2 /* MessageViewController.swift */,
			);
			name = Controllers;
			sourceTree = "<group>";
		};
		7EED38491BB23F18006520C2 /* Ressources */ = {
			isa = PBXGroup;
			children = (
				7EED38381BB23EE4006520C2 /* Main.storyboard */,
				7EED383B1BB23EE4006520C2 /* Assets.xcassets */,
				7EED383D1BB23EE4006520C2 /* LaunchScreen.storyboard */,
				7EED38401BB23EE4006520C2 /* Info.plist */,
			);
			name = Ressources;
			sourceTree = "<group>";
		};
/* End PBXGroup section */

/* Begin PBXNativeTarget section */
		7EED382E1BB23EE4006520C2 /* iOS9-NewAPI-3DTouch-QuickActions-Example */ = {
			isa = PBXNativeTarget;
			buildConfigurationList = 7EED38431BB23EE4006520C2 /* Build configuration list for PBXNativeTarget "iOS9-NewAPI-3DTouch-QuickActions-Example" */;
			buildPhases = (
				7EED382B1BB23EE4006520C2 /* Sources */,
				7EED382C1BB23EE4006520C2 /* Frameworks */,
				7EED382D1BB23EE4006520C2 /* Resources */,
			);
			buildRules = (
			);
			dependencies = (
			);
			name = "iOS9-NewAPI-3DTouch-QuickActions-Example";
			productName = "iOS9-NewAPI-3DTouch-QuickActions-Example";
			productReference = 7EED382F1BB23EE4006520C2 /* iOS9-NewAPI-3DTouch-QuickActions-Example.app */;
			productType = "com.apple.product-type.application";
		};
/* End PBXNativeTarget section */

/* Begin PBXProject section */
		7EED38271BB23EE4006520C2 /* Project object */ = {
			isa = PBXProject;
			attributes = {
				LastUpgradeCheck = 0700;
				ORGANIZATIONNAME = Sweefties;
				TargetAttributes = {
					7EED382E1BB23EE4006520C2 = {
						CreatedOnToolsVersion = 7.0;
					};
				};
			};
			buildConfigurationList = 7EED382A1BB23EE4006520C2 /* Build configuration list for PBXProject "iOS9-NewAPI-3DTouch-QuickActions-Example" */;
			compatibilityVersion = "Xcode 3.2";
			developmentRegion = English;
			hasScannedForEncodings = 0;
			knownRegions = (
				en,
				Base,
			);
			mainGroup = 7EED38261BB23EE4006520C2;
			productRefGroup = 7EED38301BB23EE4006520C2 /* Products */;
			projectDirPath = "";
			projectRoot = "";
			targets = (
				7EED382E1BB23EE4006520C2 /* iOS9-NewAPI-3DTouch-QuickActions-Example */,
			);
		};
/* End PBXProject section */

/* Begin PBXResourcesBuildPhase section */
		7EED382D1BB23EE4006520C2 /* Resources */ = {
			isa = PBXResourcesBuildPhase;
			buildActionMask = 2147483647;
			files = (
				7EED383F1BB23EE4006520C2 /* LaunchScreen.storyboard in Resources */,
				7EED383C1BB23EE4006520C2 /* Assets.xcassets in Resources */,
				7EED383A1BB23EE4006520C2 /* Main.storyboard in Resources */,
			);
			runOnlyForDeploymentPostprocessing = 0;
		};
/* End PBXResourcesBuildPhase section */

/* Begin PBXSourcesBuildPhase section */
		7EED382B1BB23EE4006520C2 /* Sources */ = {
			isa = PBXSourcesBuildPhase;
			buildActionMask = 2147483647;
			files = (
				7EED38331BB23EE4006520C2 /* AppDelegate.swift in Sources */,
				7EED384D1BB23F88006520C2 /* MoviesTableViewController.swift in Sources */,
				7EED384B1BB23F5C006520C2 /* HomeViewController.swift in Sources */,
				7EED384F1BB23FA5006520C2 /* SharingViewController.swift in Sources */,
				7EED38511BB23FB9006520C2 /* MessageViewController.swift in Sources */,
			);
			runOnlyForDeploymentPostprocessing = 0;
		};
/* End PBXSourcesBuildPhase section */

/* Begin PBXVariantGroup section */
		7EED38381BB23EE4006520C2 /* Main.storyboard */ = {
			isa = PBXVariantGroup;
			children = (
				7EED38391BB23EE4006520C2 /* Base */,
			);
			name = Main.storyboard;
			sourceTree = "<group>";
		};
		7EED383D1BB23EE4006520C2 /* LaunchScreen.storyboard */ = {
			isa = PBXVariantGroup;
			children = (
				7EED383E1BB23EE4006520C2 /* Base */,
			);
			name = LaunchScreen.storyboard;
			sourceTree = "<group>";
		};
/* End PBXVariantGroup section */

/* Begin XCBuildConfiguration section */
		7EED38411BB23EE4006520C2 /* Debug */ = {
			isa = XCBuildConfiguration;
			buildSettings = {
				ALWAYS_SEARCH_USER_PATHS = NO;
				CLANG_CXX_LANGUAGE_STANDARD = "gnu++0x";
				CLANG_CXX_LIBRARY = "libc++";
				CLANG_ENABLE_MODULES = YES;
				CLANG_ENABLE_OBJC_ARC = YES;
				CLANG_WARN_BOOL_CONVERSION = YES;
				CLANG_WARN_CONSTANT_CONVERSION = YES;
				CLANG_WARN_DIRECT_OBJC_ISA_USAGE = YES_ERROR;
				CLANG_WARN_EMPTY_BODY = YES;
				CLANG_WARN_ENUM_CONVERSION = YES;
				CLANG_WARN_INT_CONVERSION = YES;
				CLANG_WARN_OBJC_ROOT_CLASS = YES_ERROR;
				CLANG_WARN_UNREACHABLE_CODE = YES;
				CLANG_WARN__DUPLICATE_METHOD_MATCH = YES;
				"CODE_SIGN_IDENTITY[sdk=iphoneos*]" = "iPhone Developer";
				COPY_PHASE_STRIP = NO;
				DEBUG_INFORMATION_FORMAT = dwarf;
				ENABLE_STRICT_OBJC_MSGSEND = YES;
				ENABLE_TESTABILITY = YES;
				GCC_C_LANGUAGE_STANDARD = gnu99;
				GCC_DYNAMIC_NO_PIC = NO;
				GCC_NO_COMMON_BLOCKS = YES;
				GCC_OPTIMIZATION_LEVEL = 0;
				GCC_PREPROCESSOR_DEFINITIONS = (
					"DEBUG=1",
					"$(inherited)",
				);
				GCC_WARN_64_TO_32_BIT_CONVERSION = YES;
				GCC_WARN_ABOUT_RETURN_TYPE = YES_ERROR;
				GCC_WARN_UNDECLARED_SELECTOR = YES;
				GCC_WARN_UNINITIALIZED_AUTOS = YES_AGGRESSIVE;
				GCC_WARN_UNUSED_FUNCTION = YES;
				GCC_WARN_UNUSED_VARIABLE = YES;
				IPHONEOS_DEPLOYMENT_TARGET = 9.0;
				MTL_ENABLE_DEBUG_INFO = YES;
				ONLY_ACTIVE_ARCH = YES;
				SDKROOT = iphoneos;
				SWIFT_OPTIMIZATION_LEVEL = "-Onone";
				TARGETED_DEVICE_FAMILY = "1,2";
			};
			name = Debug;
		};
		7EED38421BB23EE4006520C2 /* Release */ = {
			isa = XCBuildConfiguration;
			buildSettings = {
				ALWAYS_SEARCH_USER_PATHS = NO;
				CLANG_CXX_LANGUAGE_STANDARD = "gnu++0x";
				CLANG_CXX_LIBRARY = "libc++";
				CLANG_ENABLE_MODULES = YES;
				CLANG_ENABLE_OBJC_ARC = YES;
				CLANG_WARN_BOOL_CONVERSION = YES;
				CLANG_WARN_CONSTANT_CONVERSION = YES;
				CLANG_WARN_DIRECT_OBJC_ISA_USAGE = YES_ERROR;
				CLANG_WARN_EMPTY_BODY = YES;
				CLANG_WARN_ENUM_CONVERSION = YES;
				CLANG_WARN_INT_CONVERSION = YES;
				CLANG_WARN_OBJC_ROOT_CLASS = YES_ERROR;
				CLANG_WARN_UNREACHABLE_CODE = YES;
				CLANG_WARN__DUPLICATE_METHOD_MATCH = YES;
				"CODE_SIGN_IDENTITY[sdk=iphoneos*]" = "iPhone Developer";
				COPY_PHASE_STRIP = NO;
				DEBUG_INFORMATION_FORMAT = "dwarf-with-dsym";
				ENABLE_NS_ASSERTIONS = NO;
				ENABLE_STRICT_OBJC_MSGSEND = YES;
				GCC_C_LANGUAGE_STANDARD = gnu99;
				GCC_NO_COMMON_BLOCKS = YES;
				GCC_WARN_64_TO_32_BIT_CONVERSION = YES;
				GCC_WARN_ABOUT_RETURN_TYPE = YES_ERROR;
				GCC_WARN_UNDECLARED_SELECTOR = YES;
				GCC_WARN_UNINITIALIZED_AUTOS = YES_AGGRESSIVE;
				GCC_WARN_UNUSED_FUNCTION = YES;
				GCC_WARN_UNUSED_VARIABLE = YES;
				IPHONEOS_DEPLOYMENT_TARGET = 9.0;
				MTL_ENABLE_DEBUG_INFO = NO;
				SDKROOT = iphoneos;
				TARGETED_DEVICE_FAMILY = "1,2";
				VALIDATE_PRODUCT = YES;
			};
			name = Release;
		};
		7EED38441BB23EE4006520C2 /* Debug */ = {
			isa = XCBuildConfiguration;
			buildSettings = {
				ASSETCATALOG_COMPILER_APPICON_NAME = AppIcon;
				INFOPLIST_FILE = "iOS9-NewAPI-3DTouch-QuickActions-Example/Info.plist";
				LD_RUNPATH_SEARCH_PATHS = "$(inherited) @executable_path/Frameworks";
				PRODUCT_BUNDLE_IDENTIFIER = "com.sweefties.iOS9-NewAPI-3DTouch-QuickActions-Example";
				PRODUCT_NAME = "$(TARGET_NAME)";
			};
			name = Debug;
		};
		7EED38451BB23EE4006520C2 /* Release */ = {
			isa = XCBuildConfiguration;
			buildSettings = {
				ASSETCATALOG_COMPILER_APPICON_NAME = AppIcon;
				INFOPLIST_FILE = "iOS9-NewAPI-3DTouch-QuickActions-Example/Info.plist";
				LD_RUNPATH_SEARCH_PATHS = "$(inherited) @executable_path/Frameworks";
				PRODUCT_BUNDLE_IDENTIFIER = "com.sweefties.iOS9-NewAPI-3DTouch-QuickActions-Example";
				PRODUCT_NAME = "$(TARGET_NAME)";
			};
			name = Release;
		};
/* End XCBuildConfiguration section */

/* Begin XCConfigurationList section */
		7EED382A1BB23EE4006520C2 /* Build configuration list for PBXProject "iOS9-NewAPI-3DTouch-QuickActions-Example" */ = {
			isa = XCConfigurationList;
			buildConfigurations = (
				7EED38411BB23EE4006520C2 /* Debug */,
				7EED38421BB23EE4006520C2 /* Release */,
			);
			defaultConfigurationIsVisible = 0;
			defaultConfigurationName = Release;
		};
		7EED38431BB23EE4006520C2 /* Build configuration list for PBXNativeTarget "iOS9-NewAPI-3DTouch-QuickActions-Example" */ = {
			isa = XCConfigurationList;
			buildConfigurations = (
				7EED38441BB23EE4006520C2 /* Debug */,
				7EED38451BB23EE4006520C2 /* Release */,
			);
			defaultConfigurationIsVisible = 0;
			defaultConfigurationName = Release;
		};
/* End XCConfigurationList section */
	};
	rootObject = 7EED38271BB23EE4006520C2 /* Project object */;
}
